
Microsoft Visual Studio Solution File, Format Version 12.00
# Visual Studio 15
VisualStudioVersion = 15.0.28307.852
MinimumVisualStudioVersion = 10.0.40219.1
Project("{9A19103F-16F7-4668-BE54-9A1E7A4F7556}") = "Sudoku", "Sudoku\Sudoku.csproj", "{73C7CE51-73AE-47DA-BC5B-DCFE3EE7BEEF}"
EndProject
Project("{FAE04EC0-301F-11D3-BF4B-00C04F79EFBC}") = "Sudoku.Tests", "Sudoku.Tests\Sudoku.Tests.csproj", "{07F8D60D-78AF-45C6-94AF-A6413B5CF0E4}"
EndProject
Global
	GlobalSection(SolutionConfigurationPlatforms) = preSolution
		Debug|Any CPU = Debug|Any CPU
		Release|Any CPU = Release|Any CPU
	EndGlobalSection
	GlobalSection(ProjectConfigurationPlatforms) = postSolution
		{73C7CE51-73AE-47DA-BC5B-DCFE3EE7BEEF}.Debug|Any CPU.ActiveCfg = Debug|Any CPU
		{73C7CE51-73AE-47DA-BC5B-DCFE3EE7BEEF}.Debug|Any CPU.Build.0 = Debug|Any CPU
		{73C7CE51-73AE-47DA-BC5B-DCFE3EE7BEEF}.Release|Any CPU.ActiveCfg = Release|Any CPU
		{73C7CE51-73AE-47DA-BC5B-DCFE3EE7BEEF}.Release|Any CPU.Build.0 = Release|Any CPU
		{07F8D60D-78AF-45C6-94AF-A6413B5CF0E4}.Debug|Any CPU.ActiveCfg = Debug|Any CPU
		{07F8D60D-78AF-45C6-94AF-A6413B5CF0E4}.Debug|Any CPU.Build.0 = Debug|Any CPU
		{07F8D60D-78AF-45C6-94AF-A6413B5CF0E4}.Release|Any CPU.ActiveCfg = Release|Any CPU
		{07F8D60D-78AF-45C6-94AF-A6413B5CF0E4}.Release|Any CPU.Build.0 = Release|Any CPU
	EndGlobalSection
	GlobalSection(SolutionProperties) = preSolution
		HideSolutionNode = FALSE
	EndGlobalSection
	GlobalSection(ExtensibilityGlobals) = postSolution
		SolutionGuid = {9C1BE658-E79C-463C-8A93-0BA5D5EF248F}
	EndGlobalSection
EndGlobal
